{
  "name": "@aldinh777/rollup-plugin-reactive-cml",
  "version": "0.1.6",
  "lockfileVersion": 2,
  "requires": true,
  "packages": {
    "": {
      "name": "@aldinh777/rollup-plugin-reactive-cml",
      "version": "0.1.6",
      "license": "ISC",
      "devDependencies": {
        "@aldinh777/reactive-cml": "^0.4.0",
        "rollup": "^2.78.1"
      }
    },
    "node_modules/@aldinh777/cml-parser": {
      "version": "0.5.2",
      "resolved": "https://registry.npmjs.org/@aldinh777/cml-parser/-/cml-parser-0.5.2.tgz",
      "integrity": "sha512-0VIvsk/0JnR931hpSyXA6JjL7a3EfDncRrAIGuMrM7AmNkmvBtNYJ1c+F/v5PEZJnCPdHK3A87j8z93yLYAKkA==",
      "dev": true
    },
    "node_modules/@aldinh777/reactive-cml": {
      "version": "0.4.0",
      "resolved": "https://registry.npmjs.org/@aldinh777/reactive-cml/-/reactive-cml-0.4.0.tgz",
      "integrity": "sha512-FLLBiVMPD0lAHA7N3BCp2HaxZ2GoWLA3FwL4KX8iCYHim0ZOVRqNkhxM5QmHMZWP7cqEYkeM9q1UmbMsssXyXw==",
      "dev": true,
      "dependencies": {
        "@aldinh777/cml-parser": "^0.5.2"
      }
    },
    "node_modules/fsevents": {
      "version": "2.3.2",
      "resolved": "https://registry.npmjs.org/fsevents/-/fsevents-2.3.2.tgz",
      "integrity": "sha512-xiqMQR4xAeHTuB9uWm+fFRcIOgKBMiOBP+eXiyT7jsgVCq1bkVygt00oASowB7EdtpOHaaPgKt812P9ab+DDKA==",
      "dev": true,
      "hasInstallScript": true,
      "optional": true,
      "os": [
        "darwin"
      ],
      "engines": {
        "node": "^8.16.0 || ^10.6.0 || >=11.0.0"
      }
    },
    "node_modules/rollup": {
      "version": "2.78.1",
      "resolved": "https://registry.npmjs.org/rollup/-/rollup-2.78.1.tgz",
      "integrity": "sha512-VeeCgtGi4P+o9hIg+xz4qQpRl6R401LWEXBmxYKOV4zlF82lyhgh2hTZnheFUbANE8l2A41F458iwj2vEYaXJg==",
      "dev": true,
      "bin": {
        "rollup": "dist/bin/rollup"
      },
      "engines": {
        "node": ">=10.0.0"
      },
      "optionalDependencies": {
        "fsevents": "~2.3.2"
      }
    }
  },
  "dependencies": {
    "@aldinh777/cml-parser": {
      "version": "0.5.2",
      "resolved": "https://registry.npmjs.org/@aldinh777/cml-parser/-/cml-parser-0.5.2.tgz",
      "integrity": "sha512-0VIvsk/0JnR931hpSyXA6JjL7a3EfDncRrAIGuMrM7AmNkmvBtNYJ1c+F/v5PEZJnCPdHK3A87j8z93yLYAKkA==",
      "dev": true
    },
    "@aldinh777/reactive-cml": {
      "version": "0.4.0",
      "resolved": "https://registry.npmjs.org/@aldinh777/reactive-cml/-/reactive-cml-0.4.0.tgz",
      "integrity": "sha512-FLLBiVMPD0lAHA7N3BCp2HaxZ2GoWLA3FwL4KX8iCYHim0ZOVRqNkhxM5QmHMZWP7cqEYkeM9q1UmbMsssXyXw==",
      "dev": true,
      "requires": {
        "@aldinh777/cml-parser": "^0.5.2"
      }
    },
    "fsevents": {
      "version": "2.3.2",
      "resolved": "https://registry.npmjs.org/fsevents/-/fsevents-2.3.2.tgz",
      "integrity": "sha512-xiqMQR4xAeHTuB9uWm+fFRcIOgKBMiOBP+eXiyT7jsgVCq1bkVygt00oASowB7EdtpOHaaPgKt812P9ab+DDKA==",
      "dev": true,
      "optional": true
    },
    "rollup": {
      "version": "2.78.1",
      "resolved": "https://registry.npmjs.org/rollup/-/rollup-2.78.1.tgz",
      "integrity": "sha512-VeeCgtGi4P+o9hIg+xz4qQpRl6R401LWEXBmxYKOV4zlF82lyhgh2hTZnheFUbANE8l2A41F458iwj2vEYaXJg==",
      "dev": true,
      "requires": {
        "fsevents": "~2.3.2"
      }
    }
  }
}
