{
  "name": "@aldinh777/rollup-plugin-reactive-cml",
  "version": "0.1.3",
  "lockfileVersion": 2,
  "requires": true,
  "packages": {
    "": {
      "name": "@aldinh777/rollup-plugin-reactive-cml",
      "version": "0.1.3",
      "license": "ISC",
      "dependencies": {
        "@aldinh777/reactive-cml": "^0.2.0"
      }
    },
    "node_modules/@aldinh777/cml-parser": {
      "version": "0.5.1",
      "resolved": "https://registry.npmjs.org/@aldinh777/cml-parser/-/cml-parser-0.5.1.tgz",
      "integrity": "sha512-gXEKt9UOdIi3q42ALIBBobvMtADu0GOp2Psvl/q5RkqRmNIdRzvDVbdsCRKK7Ih9fxxaEBpW9nUP9GvyhQ33Bw=="
    },
    "node_modules/@aldinh777/reactive": {
      "version": "0.20.0-refined",
      "resolved": "https://registry.npmjs.org/@aldinh777/reactive/-/reactive-0.20.0-refined.tgz",
      "integrity": "sha512-/CHIEXlxJ+8OopAGm9qzwz0SxRjrbGomVy7U9fni6tMJXJnUI8pJxcatuEbo3ai35QZ8lzif3/54K1I0WtsKhg=="
    },
    "node_modules/@aldinh777/reactive-cml": {
      "version": "0.2.0",
      "resolved": "https://registry.npmjs.org/@aldinh777/reactive-cml/-/reactive-cml-0.2.0.tgz",
      "integrity": "sha512-gE+X9qtf0Io+GKvY8kueW7Y3vcDdbeHfOjbpPHOpjJOtQh9dpo9it67FqB95XfH6UqE1dCYmGHaL0qGeb0weqg==",
      "dependencies": {
        "@aldinh777/cml-parser": "^0.5.1",
        "@aldinh777/reactive": "^0.20.0-refined"
      }
    }
  },
  "dependencies": {
    "@aldinh777/cml-parser": {
      "version": "0.5.1",
      "resolved": "https://registry.npmjs.org/@aldinh777/cml-parser/-/cml-parser-0.5.1.tgz",
      "integrity": "sha512-gXEKt9UOdIi3q42ALIBBobvMtADu0GOp2Psvl/q5RkqRmNIdRzvDVbdsCRKK7Ih9fxxaEBpW9nUP9GvyhQ33Bw=="
    },
    "@aldinh777/reactive": {
      "version": "0.20.0-refined",
      "resolved": "https://registry.npmjs.org/@aldinh777/reactive/-/reactive-0.20.0-refined.tgz",
      "integrity": "sha512-/CHIEXlxJ+8OopAGm9qzwz0SxRjrbGomVy7U9fni6tMJXJnUI8pJxcatuEbo3ai35QZ8lzif3/54K1I0WtsKhg=="
    },
    "@aldinh777/reactive-cml": {
      "version": "0.2.0",
      "resolved": "https://registry.npmjs.org/@aldinh777/reactive-cml/-/reactive-cml-0.2.0.tgz",
      "integrity": "sha512-gE+X9qtf0Io+GKvY8kueW7Y3vcDdbeHfOjbpPHOpjJOtQh9dpo9it67FqB95XfH6UqE1dCYmGHaL0qGeb0weqg==",
      "requires": {
        "@aldinh777/cml-parser": "^0.5.1",
        "@aldinh777/reactive": "^0.20.0-refined"
      }
    }
  }
}
